
Microsoft Visual Studio Solution File, Format Version 12.00
# Visual Studio 15
VisualStudioVersion = 15.0.27130.2027
MinimumVisualStudioVersion = 10.0.40219.1
Project("{FAE04EC0-301F-11D3-BF4B-00C04F79EFBC}") = "GHelper", "GHelper\GHelper.csproj", "{BBA136E0-32E4-4EC1-BDD3-2A89EFE2687F}"
	ProjectSection(ProjectDependencies) = postProject
		{F6A06EA1-EB57-4BF1-8F64-38309CE36EC8} = {F6A06EA1-EB57-4BF1-8F64-38309CE36EC8}
	EndProjectSection
EndProject
Project("{FAE04EC0-301F-11D3-BF4B-00C04F79EFBC}") = "GHelperFanNotifier", "GHelperFanNotifier\GHelperFanNotifier.csproj", "{003D082E-251C-487C-9363-85F668DC7DEC}"
	ProjectSection(ProjectDependencies) = postProject
		{F6A06EA1-EB57-4BF1-8F64-38309CE36EC8} = {F6A06EA1-EB57-4BF1-8F64-38309CE36EC8}
	EndProjectSection
EndProject
Project("{2150E333-8FDC-42A3-9474-1A3956D46DE8}") = "Solutions Items", "Solutions Items", "{812D45A6-A699-49AB-8CEB-983CBAA9FA58}"
	ProjectSection(SolutionItems) = preProject
		Solution Items\AssemblyInfo.cs = Solution Items\AssemblyInfo.cs
	EndProjectSection
EndProject
Project("{FAE04EC0-301F-11D3-BF4B-00C04F79EFBC}") = "GHelper.Helper", "GHelper.Helper\GHelper.Helper.csproj", "{F6A06EA1-EB57-4BF1-8F64-38309CE36EC8}"
EndProject
Global
	GlobalSection(SolutionConfigurationPlatforms) = preSolution
		Debug|Any CPU = Debug|Any CPU
		Release|Any CPU = Release|Any CPU
	EndGlobalSection
	GlobalSection(ProjectConfigurationPlatforms) = postSolution
		{BBA136E0-32E4-4EC1-BDD3-2A89EFE2687F}.Debug|Any CPU.ActiveCfg = Debug|Any CPU
		{BBA136E0-32E4-4EC1-BDD3-2A89EFE2687F}.Debug|Any CPU.Build.0 = Debug|Any CPU
		{BBA136E0-32E4-4EC1-BDD3-2A89EFE2687F}.Release|Any CPU.ActiveCfg = Release|Any CPU
		{BBA136E0-32E4-4EC1-BDD3-2A89EFE2687F}.Release|Any CPU.Build.0 = Release|Any CPU
		{003D082E-251C-487C-9363-85F668DC7DEC}.Debug|Any CPU.ActiveCfg = Debug|Any CPU
		{003D082E-251C-487C-9363-85F668DC7DEC}.Debug|Any CPU.Build.0 = Debug|Any CPU
		{003D082E-251C-487C-9363-85F668DC7DEC}.Release|Any CPU.ActiveCfg = Release|Any CPU
		{003D082E-251C-487C-9363-85F668DC7DEC}.Release|Any CPU.Build.0 = Release|Any CPU
		{F6A06EA1-EB57-4BF1-8F64-38309CE36EC8}.Debug|Any CPU.ActiveCfg = Debug|Any CPU
		{F6A06EA1-EB57-4BF1-8F64-38309CE36EC8}.Debug|Any CPU.Build.0 = Debug|Any CPU
		{F6A06EA1-EB57-4BF1-8F64-38309CE36EC8}.Release|Any CPU.ActiveCfg = Release|Any CPU
		{F6A06EA1-EB57-4BF1-8F64-38309CE36EC8}.Release|Any CPU.Build.0 = Release|Any CPU
	EndGlobalSection
	GlobalSection(SolutionProperties) = preSolution
		HideSolutionNode = FALSE
	EndGlobalSection
	GlobalSection(ExtensibilityGlobals) = postSolution
		SolutionGuid = {141C84A8-4567-4AF8-B695-F5582536B25D}
	EndGlobalSection
EndGlobal
